{
    "version": 3,
    "terraform_version": "0.7.2",
    "serial": 65,
    "lineage": "996e60be-57a5-4137-a435-a54821ac4a42",
    "modules": [
        {
            "path": [
                "root"
            ],
            "outputs": {
                "consul_addresses": {
                    "sensitive": false,
                    "type": "list",
                    "value": [
                        "ssh://ec2-54-183-13-58.us-west-1.compute.amazonaws.com",
                        "ssh://ec2-52-53-158-173.us-west-1.compute.amazonaws.com",
                        "ssh://ec2-52-53-211-154.us-west-1.compute.amazonaws.com"
                    ]
                },
                "consul_ui": {
                    "sensitive": false,
                    "type": "string",
                    "value": "http://ec2-54-183-13-58.us-west-1.compute.amazonaws.com:8500/ui/"
                },
                "haproxy_address": {
                    "sensitive": false,
                    "type": "string",
                    "value": "ssh://ec2-52-53-162-224.us-west-1.compute.amazonaws.com"
                },
                "haproxy_stats": {
                    "sensitive": false,
                    "type": "string",
                    "value": "http://ec2-52-53-162-224.us-west-1.compute.amazonaws.com/haproxy?stats"
                },
                "haproxy_web_frontend": {
                    "sensitive": false,
                    "type": "string",
                    "value": "http://ec2-52-53-162-224.us-west-1.compute.amazonaws.com"
                },
                "nginx_addresses": {
                    "sensitive": false,
                    "type": "list",
                    "value": [
                        "ssh://ec2-54-67-1-122.us-west-1.compute.amazonaws.com",
                        "ssh://ec2-54-183-140-49.us-west-1.compute.amazonaws.com",
                        "ssh://ec2-54-183-61-121.us-west-1.compute.amazonaws.com",
                        "ssh://ec2-52-53-149-228.us-west-1.compute.amazonaws.com"
                    ]
                }
            },
            "resources": {},
            "depends_on": []
        },
        {
            "path": [
                "root",
                "consul-vault"
            ],
            "outputs": {
                "Consul UI": {
                    "sensitive": false,
                    "type": "string",
                    "value": "http://ec2-54-183-110-172.us-west-1.compute.amazonaws.com:8500/ui/"
                },
                "addresses": {
                    "sensitive": false,
                    "type": "list",
                    "value": [
                        "ec2-52-53-167-207.us-west-1.compute.amazonaws.com",
                        "ec2-54-67-110-245.us-west-1.compute.amazonaws.com",
                        "ec2-52-53-215-156.us-west-1.compute.amazonaws.com"
                    ]
                },
                "consul_addresses": {
                    "sensitive": false,
                    "type": "list",
                    "value": [
                        "ssh://ec2-54-183-13-58.us-west-1.compute.amazonaws.com",
                        "ssh://ec2-52-53-158-173.us-west-1.compute.amazonaws.com",
                        "ssh://ec2-52-53-211-154.us-west-1.compute.amazonaws.com"
                    ]
                },
                "consul_ui": {
                    "sensitive": false,
                    "type": "string",
                    "value": "http://ec2-54-183-13-58.us-west-1.compute.amazonaws.com:8500/ui/"
                },
                "primary_consul": {
                    "sensitive": false,
                    "type": "string",
                    "value": "ip-10-0-1-120.us-west-1.compute.internal"
                }
            },
            "resources": {
                "aws_instance.consul-vault.0": {
                    "type": "aws_instance",
                    "depends_on": [
                        "data.aws_ami.ubuntu"
                    ],
                    "primary": {
                        "id": "i-18e81fac",
                        "attributes": {
                            "ami": "ami-c6b5faa6",
                            "availability_zone": "us-west-1c",
                            "disable_api_termination": "false",
                            "ebs_block_device.#": "0",
                            "ebs_optimized": "false",
                            "ephemeral_block_device.#": "0",
                            "iam_instance_profile": "",
                            "id": "i-18e81fac",
                            "instance_state": "running",
                            "instance_type": "t2.micro",
                            "key_name": "",
                            "monitoring": "false",
                            "network_interface_id": "eni-f9b726f6",
                            "private_dns": "ip-10-0-1-120.us-west-1.compute.internal",
                            "private_ip": "10.0.1.120",
                            "public_dns": "ec2-54-183-13-58.us-west-1.compute.amazonaws.com",
                            "public_ip": "54.183.13.58",
                            "root_block_device.#": "1",
                            "root_block_device.0.delete_on_termination": "true",
                            "root_block_device.0.iops": "100",
                            "root_block_device.0.volume_size": "8",
                            "root_block_device.0.volume_type": "gp2",
                            "security_groups.#": "0",
                            "source_dest_check": "true",
                            "subnet_id": "subnet-d0608188",
                            "tags.%": "1",
                            "tags.env": "xlb-demo",
                            "tenancy": "default",
                            "vpc_security_group_ids.#": "1",
                            "vpc_security_group_ids.188496707": "sg-ee2c0f8a"
                        },
                        "meta": {
                            "schema_version": "1"
                        },
                        "tainted": false
                    },
                    "deposed": [],
                    "provider": ""
                },
                "aws_instance.consul-vault.1": {
                    "type": "aws_instance",
                    "depends_on": [
                        "aws_instance.consul-vault.0",
                        "data.aws_ami.ubuntu"
                    ],
                    "primary": {
                        "id": "i-ccd72078",
                        "attributes": {
                            "ami": "ami-c6b5faa6",
                            "availability_zone": "us-west-1c",
                            "disable_api_termination": "false",
                            "ebs_block_device.#": "0",
                            "ebs_optimized": "false",
                            "ephemeral_block_device.#": "0",
                            "iam_instance_profile": "",
                            "id": "i-ccd72078",
                            "instance_state": "running",
                            "instance_type": "t2.micro",
                            "key_name": "",
                            "monitoring": "false",
                            "network_interface_id": "eni-0cbb2a03",
                            "private_dns": "ip-10-0-1-221.us-west-1.compute.internal",
                            "private_ip": "10.0.1.221",
                            "public_dns": "ec2-52-53-158-173.us-west-1.compute.amazonaws.com",
                            "public_ip": "52.53.158.173",
                            "root_block_device.#": "1",
                            "root_block_device.0.delete_on_termination": "true",
                            "root_block_device.0.iops": "100",
                            "root_block_device.0.volume_size": "8",
                            "root_block_device.0.volume_type": "gp2",
                            "security_groups.#": "0",
                            "source_dest_check": "true",
                            "subnet_id": "subnet-d0608188",
                            "tags.%": "1",
                            "tags.env": "xlb-demo",
                            "tenancy": "default",
                            "vpc_security_group_ids.#": "1",
                            "vpc_security_group_ids.188496707": "sg-ee2c0f8a"
                        },
                        "meta": {
                            "schema_version": "1"
                        },
                        "tainted": false
                    },
                    "deposed": [],
                    "provider": ""
                },
                "aws_instance.consul-vault.2": {
                    "type": "aws_instance",
                    "depends_on": [
                        "aws_instance.consul-vault.0",
                        "data.aws_ami.ubuntu"
                    ],
                    "primary": {
                        "id": "i-61e81fd5",
                        "attributes": {
                            "ami": "ami-c6b5faa6",
                            "availability_zone": "us-west-1c",
                            "disable_api_termination": "false",
                            "ebs_block_device.#": "0",
                            "ebs_optimized": "false",
                            "ephemeral_block_device.#": "0",
                            "iam_instance_profile": "",
                            "id": "i-61e81fd5",
                            "instance_state": "running",
                            "instance_type": "t2.micro",
                            "key_name": "",
                            "monitoring": "false",
                            "network_interface_id": "eni-96b52499",
                            "private_dns": "ip-10-0-1-25.us-west-1.compute.internal",
                            "private_ip": "10.0.1.25",
                            "public_dns": "ec2-52-53-211-154.us-west-1.compute.amazonaws.com",
                            "public_ip": "52.53.211.154",
                            "root_block_device.#": "1",
                            "root_block_device.0.delete_on_termination": "true",
                            "root_block_device.0.iops": "100",
                            "root_block_device.0.volume_size": "8",
                            "root_block_device.0.volume_type": "gp2",
                            "security_groups.#": "0",
                            "source_dest_check": "true",
                            "subnet_id": "subnet-d0608188",
                            "tags.%": "1",
                            "tags.env": "xlb-demo",
                            "tenancy": "default",
                            "vpc_security_group_ids.#": "1",
                            "vpc_security_group_ids.188496707": "sg-ee2c0f8a"
                        },
                        "meta": {
                            "schema_version": "1"
                        },
                        "tainted": false
                    },
                    "deposed": [],
                    "provider": ""
                },
                "data.aws_ami.ubuntu": {
                    "type": "aws_ami",
                    "depends_on": [],
                    "primary": {
                        "id": "ami-c6b5faa6",
                        "attributes": {
                            "architecture": "x86_64",
                            "block_device_mappings.#": "3",
                            "block_device_mappings.1634610537.device_name": "/dev/sdb",
                            "block_device_mappings.1634610537.ebs.%": "0",
                            "block_device_mappings.1634610537.no_device": "",
                            "block_device_mappings.1634610537.virtual_name": "ephemeral0",
                            "block_device_mappings.2547816212.device_name": "/dev/sda1",
                            "block_device_mappings.2547816212.ebs.%": "6",
                            "block_device_mappings.2547816212.ebs.delete_on_termination": "true",
                            "block_device_mappings.2547816212.ebs.encrypted": "false",
                            "block_device_mappings.2547816212.ebs.iops": "0",
                            "block_device_mappings.2547816212.ebs.snapshot_id": "snap-00f68983",
                            "block_device_mappings.2547816212.ebs.volume_size": "8",
                            "block_device_mappings.2547816212.ebs.volume_type": "gp2",
                            "block_device_mappings.2547816212.no_device": "",
                            "block_device_mappings.2547816212.virtual_name": "",
                            "block_device_mappings.3850042718.device_name": "/dev/sdc",
                            "block_device_mappings.3850042718.ebs.%": "0",
                            "block_device_mappings.3850042718.no_device": "",
                            "block_device_mappings.3850042718.virtual_name": "ephemeral1",
                            "creation_date": "2016-09-19T04:24:05.000Z",
                            "filter.#": "1",
                            "filter.978452526.name": "name",
                            "filter.978452526.values.#": "1",
                            "filter.978452526.values.0": "ubuntu-16-consul-vault*",
                            "hypervisor": "xen",
                            "id": "ami-c6b5faa6",
                            "image_id": "ami-c6b5faa6",
                            "image_location": "379754991775/ubuntu-16-consul-vault-2016-09-19-04-21",
                            "image_type": "machine",
                            "most_recent": "true",
                            "name": "ubuntu-16-consul-vault-2016-09-19-04-21",
                            "owner_id": "379754991775",
                            "owners.#": "1",
                            "owners.0": "self",
                            "product_codes.#": "0",
                            "public": "false",
                            "root_device_name": "/dev/sda1",
                            "root_device_type": "ebs",
                            "sriov_net_support": "simple",
                            "state": "available",
                            "state_reason.%": "2",
                            "state_reason.code": "UNSET",
                            "state_reason.message": "UNSET",
                            "tags.#": "2",
                            "tags.1027325936.key": "Release",
                            "tags.1027325936.value": "Latest",
                            "tags.1046746156.key": "OS_Version",
                            "tags.1046746156.value": "Ubuntu",
                            "virtualization_type": "hvm"
                        },
                        "meta": {},
                        "tainted": false
                    },
                    "deposed": [],
                    "provider": ""
                }
            },
            "depends_on": []
        },
        {
            "path": [
                "root",
                "haproxy"
            ],
            "outputs": {
                "haproxy_address": {
                    "sensitive": false,
                    "type": "string",
                    "value": "ssh://ec2-52-53-162-224.us-west-1.compute.amazonaws.com"
                },
                "haproxy_stats": {
                    "sensitive": false,
                    "type": "string",
                    "value": "http://ec2-52-53-162-224.us-west-1.compute.amazonaws.com/haproxy?stats"
                },
                "haproxy_web_frontend": {
                    "sensitive": false,
                    "type": "string",
                    "value": "http://ec2-52-53-162-224.us-west-1.compute.amazonaws.com"
                }
            },
            "resources": {
                "aws_instance.haproxy": {
                    "type": "aws_instance",
                    "depends_on": [
                        "data.aws_ami.ubuntu"
                    ],
                    "primary": {
                        "id": "i-95d72021",
                        "attributes": {
                            "ami": "ami-0fb7f86f",
                            "availability_zone": "us-west-1c",
                            "disable_api_termination": "false",
                            "ebs_block_device.#": "0",
                            "ebs_optimized": "false",
                            "ephemeral_block_device.#": "0",
                            "iam_instance_profile": "",
                            "id": "i-95d72021",
                            "instance_state": "running",
                            "instance_type": "t2.micro",
                            "key_name": "",
                            "monitoring": "false",
                            "network_interface_id": "eni-b6b829b9",
                            "private_dns": "ip-10-0-1-29.us-west-1.compute.internal",
                            "private_ip": "10.0.1.29",
                            "public_dns": "ec2-52-53-162-224.us-west-1.compute.amazonaws.com",
                            "public_ip": "52.53.162.224",
                            "root_block_device.#": "1",
                            "root_block_device.0.delete_on_termination": "true",
                            "root_block_device.0.iops": "100",
                            "root_block_device.0.volume_size": "8",
                            "root_block_device.0.volume_type": "gp2",
                            "security_groups.#": "0",
                            "source_dest_check": "true",
                            "subnet_id": "subnet-d0608188",
                            "tags.%": "1",
                            "tags.env": "xlb-demo",
                            "tenancy": "default",
                            "vpc_security_group_ids.#": "1",
                            "vpc_security_group_ids.188496707": "sg-ee2c0f8a"
                        },
                        "meta": {
                            "schema_version": "1"
                        },
                        "tainted": false
                    },
                    "deposed": [],
                    "provider": ""
                },
                "data.aws_ami.ubuntu": {
                    "type": "aws_ami",
                    "depends_on": [],
                    "primary": {
                        "id": "ami-0fb7f86f",
                        "attributes": {
                            "architecture": "x86_64",
                            "block_device_mappings.#": "3",
                            "block_device_mappings.1634610537.device_name": "/dev/sdb",
                            "block_device_mappings.1634610537.ebs.%": "0",
                            "block_device_mappings.1634610537.no_device": "",
                            "block_device_mappings.1634610537.virtual_name": "ephemeral0",
                            "block_device_mappings.2547816212.device_name": "/dev/sda1",
                            "block_device_mappings.2547816212.ebs.%": "6",
                            "block_device_mappings.2547816212.ebs.delete_on_termination": "true",
                            "block_device_mappings.2547816212.ebs.encrypted": "false",
                            "block_device_mappings.2547816212.ebs.iops": "0",
                            "block_device_mappings.2547816212.ebs.snapshot_id": "snap-b0df9631",
                            "block_device_mappings.2547816212.ebs.volume_size": "8",
                            "block_device_mappings.2547816212.ebs.volume_type": "gp2",
                            "block_device_mappings.2547816212.no_device": "",
                            "block_device_mappings.2547816212.virtual_name": "",
                            "block_device_mappings.3850042718.device_name": "/dev/sdc",
                            "block_device_mappings.3850042718.ebs.%": "0",
                            "block_device_mappings.3850042718.no_device": "",
                            "block_device_mappings.3850042718.virtual_name": "ephemeral1",
                            "creation_date": "2016-09-19T04:24:04.000Z",
                            "filter.#": "1",
                            "filter.2867942849.name": "name",
                            "filter.2867942849.values.#": "1",
                            "filter.2867942849.values.0": "ubuntu-16-haproxy*",
                            "hypervisor": "xen",
                            "id": "ami-0fb7f86f",
                            "image_id": "ami-0fb7f86f",
                            "image_location": "379754991775/ubuntu-16-haproxy-2016-09-19-04-21",
                            "image_type": "machine",
                            "most_recent": "true",
                            "name": "ubuntu-16-haproxy-2016-09-19-04-21",
                            "owner_id": "379754991775",
                            "owners.#": "1",
                            "owners.0": "self",
                            "product_codes.#": "0",
                            "public": "false",
                            "root_device_name": "/dev/sda1",
                            "root_device_type": "ebs",
                            "sriov_net_support": "simple",
                            "state": "available",
                            "state_reason.%": "2",
                            "state_reason.code": "UNSET",
                            "state_reason.message": "UNSET",
                            "tags.#": "2",
                            "tags.1027325936.key": "Release",
                            "tags.1027325936.value": "Latest",
                            "tags.1046746156.key": "OS_Version",
                            "tags.1046746156.value": "Ubuntu",
                            "virtualization_type": "hvm"
                        },
                        "meta": {},
                        "tainted": false
                    },
                    "deposed": [],
                    "provider": ""
                }
            },
            "depends_on": []
        },
        {
            "path": [
                "root",
                "network"
            ],
            "outputs": {
                "sg_ids": {
                    "sensitive": false,
                    "type": "list",
                    "value": [
                        "sg-c97457ad"
                    ]
                },
                "subnet_id": {
                    "sensitive": false,
                    "type": "string",
                    "value": "subnet-d0608188"
                },
                "xlb_sg_id": {
                    "sensitive": false,
                    "type": "string",
                    "value": "sg-ee2c0f8a"
                }
            },
            "resources": {
                "aws_internet_gateway.default": {
                    "type": "aws_internet_gateway",
                    "depends_on": [
                        "aws_vpc.default"
                    ],
                    "primary": {
                        "id": "igw-b98eeddc",
                        "attributes": {
                            "id": "igw-b98eeddc",
                            "tags.%": "0",
                            "vpc_id": "vpc-069e9463"
                        },
                        "meta": {},
                        "tainted": false
                    },
                    "deposed": [],
                    "provider": ""
                },
                "aws_route.internet_access": {
                    "type": "aws_route",
                    "depends_on": [
                        "aws_internet_gateway.default",
                        "aws_vpc.default"
                    ],
                    "primary": {
                        "id": "r-rtb-046592601080289494",
                        "attributes": {
                            "destination_cidr_block": "0.0.0.0/0",
                            "destination_prefix_list_id": "",
                            "gateway_id": "igw-b98eeddc",
                            "id": "r-rtb-046592601080289494",
                            "instance_id": "",
                            "instance_owner_id": "",
                            "nat_gateway_id": "",
                            "network_interface_id": "",
                            "origin": "CreateRoute",
                            "route_table_id": "rtb-04659260",
                            "state": "active",
                            "vpc_peering_connection_id": ""
                        },
                        "meta": {},
                        "tainted": false
                    },
                    "deposed": [],
                    "provider": ""
                },
                "aws_security_group.xlb": {
                    "type": "aws_security_group",
                    "depends_on": [
                        "aws_vpc.default"
                    ],
                    "primary": {
                        "id": "sg-ee2c0f8a",
                        "attributes": {
                            "description": "xlb security group created by terraform",
                            "egress.#": "1",
                            "egress.482069346.cidr_blocks.#": "1",
                            "egress.482069346.cidr_blocks.0": "0.0.0.0/0",
                            "egress.482069346.from_port": "0",
                            "egress.482069346.prefix_list_ids.#": "0",
                            "egress.482069346.protocol": "-1",
                            "egress.482069346.security_groups.#": "0",
                            "egress.482069346.self": "false",
                            "egress.482069346.to_port": "0",
                            "id": "sg-ee2c0f8a",
                            "ingress.#": "5",
                            "ingress.2214680975.cidr_blocks.#": "1",
                            "ingress.2214680975.cidr_blocks.0": "0.0.0.0/0",
                            "ingress.2214680975.from_port": "80",
                            "ingress.2214680975.protocol": "tcp",
                            "ingress.2214680975.security_groups.#": "0",
                            "ingress.2214680975.self": "false",
                            "ingress.2214680975.to_port": "80",
                            "ingress.2541437006.cidr_blocks.#": "1",
                            "ingress.2541437006.cidr_blocks.0": "0.0.0.0/0",
                            "ingress.2541437006.from_port": "22",
                            "ingress.2541437006.protocol": "tcp",
                            "ingress.2541437006.security_groups.#": "0",
                            "ingress.2541437006.self": "false",
                            "ingress.2541437006.to_port": "22",
                            "ingress.3230963025.cidr_blocks.#": "1",
                            "ingress.3230963025.cidr_blocks.0": "0.0.0.0/0",
                            "ingress.3230963025.from_port": "8300",
                            "ingress.3230963025.protocol": "tcp",
                            "ingress.3230963025.security_groups.#": "0",
                            "ingress.3230963025.self": "false",
                            "ingress.3230963025.to_port": "8302",
                            "ingress.3482902040.cidr_blocks.#": "1",
                            "ingress.3482902040.cidr_blocks.0": "0.0.0.0/0",
                            "ingress.3482902040.from_port": "8500",
                            "ingress.3482902040.protocol": "tcp",
                            "ingress.3482902040.security_groups.#": "0",
                            "ingress.3482902040.self": "false",
                            "ingress.3482902040.to_port": "8500",
                            "ingress.767189531.cidr_blocks.#": "1",
                            "ingress.767189531.cidr_blocks.0": "0.0.0.0/0",
                            "ingress.767189531.from_port": "8400",
                            "ingress.767189531.protocol": "tcp",
                            "ingress.767189531.security_groups.#": "0",
                            "ingress.767189531.self": "false",
                            "ingress.767189531.to_port": "8400",
                            "name": "xlb",
                            "owner_id": "379754991775",
                            "tags.%": "0",
                            "vpc_id": "vpc-069e9463"
                        },
                        "meta": {},
                        "tainted": false
                    },
                    "deposed": [],
                    "provider": ""
                },
                "aws_subnet.xlb": {
                    "type": "aws_subnet",
                    "depends_on": [
                        "aws_vpc.default"
                    ],
                    "primary": {
                        "id": "subnet-d0608188",
                        "attributes": {
                            "availability_zone": "us-west-1c",
                            "cidr_block": "10.0.1.0/24",
                            "id": "subnet-d0608188",
                            "map_public_ip_on_launch": "true",
                            "tags.%": "0",
                            "vpc_id": "vpc-069e9463"
                        },
                        "meta": {},
                        "tainted": false
                    },
                    "deposed": [],
                    "provider": ""
                },
                "aws_vpc.default": {
                    "type": "aws_vpc",
                    "depends_on": [],
                    "primary": {
                        "id": "vpc-069e9463",
                        "attributes": {
                            "cidr_block": "10.0.0.0/16",
                            "default_network_acl_id": "acl-d856b8bc",
                            "default_security_group_id": "sg-e02c0f84",
                            "dhcp_options_id": "dopt-441ba521",
                            "enable_classiclink": "false",
                            "enable_dns_hostnames": "true",
                            "enable_dns_support": "true",
                            "id": "vpc-069e9463",
                            "instance_tenancy": "default",
                            "main_route_table_id": "rtb-04659260",
                            "tags.%": "0"
                        },
                        "meta": {},
                        "tainted": false
                    },
                    "deposed": [],
                    "provider": ""
                }
            },
            "depends_on": []
        },
        {
            "path": [
                "root",
                "nginx"
            ],
            "outputs": {
                "nginx_addresses": {
                    "sensitive": false,
                    "type": "list",
                    "value": [
                        "ssh://ec2-54-67-1-122.us-west-1.compute.amazonaws.com",
                        "ssh://ec2-54-183-140-49.us-west-1.compute.amazonaws.com",
                        "ssh://ec2-54-183-61-121.us-west-1.compute.amazonaws.com",
                        "ssh://ec2-52-53-149-228.us-west-1.compute.amazonaws.com"
                    ]
                }
            },
            "resources": {
                "aws_instance.nginx.0": {
                    "type": "aws_instance",
                    "depends_on": [
                        "data.aws_ami.ubuntu"
                    ],
                    "primary": {
                        "id": "i-76e81fc2",
                        "attributes": {
                            "ami": "ami-0eb7f86e",
                            "availability_zone": "us-west-1c",
                            "disable_api_termination": "false",
                            "ebs_block_device.#": "0",
                            "ebs_optimized": "false",
                            "ephemeral_block_device.#": "0",
                            "iam_instance_profile": "",
                            "id": "i-76e81fc2",
                            "instance_state": "running",
                            "instance_type": "t2.micro",
                            "key_name": "",
                            "monitoring": "false",
                            "network_interface_id": "eni-32b8293d",
                            "private_dns": "ip-10-0-1-117.us-west-1.compute.internal",
                            "private_ip": "10.0.1.117",
                            "public_dns": "ec2-54-67-1-122.us-west-1.compute.amazonaws.com",
                            "public_ip": "54.67.1.122",
                            "root_block_device.#": "1",
                            "root_block_device.0.delete_on_termination": "true",
                            "root_block_device.0.iops": "100",
                            "root_block_device.0.volume_size": "8",
                            "root_block_device.0.volume_type": "gp2",
                            "security_groups.#": "0",
                            "source_dest_check": "true",
                            "subnet_id": "subnet-d0608188",
                            "tags.%": "1",
                            "tags.env": "xlb-demo",
                            "tenancy": "default",
                            "vpc_security_group_ids.#": "1",
                            "vpc_security_group_ids.188496707": "sg-ee2c0f8a"
                        },
                        "meta": {
                            "schema_version": "1"
                        },
                        "tainted": false
                    },
                    "deposed": [],
                    "provider": ""
                },
                "aws_instance.nginx.1": {
                    "type": "aws_instance",
                    "depends_on": [
                        "data.aws_ami.ubuntu"
                    ],
                    "primary": {
                        "id": "i-d2d72066",
                        "attributes": {
                            "ami": "ami-0eb7f86e",
                            "availability_zone": "us-west-1c",
                            "disable_api_termination": "false",
                            "ebs_block_device.#": "0",
                            "ebs_optimized": "false",
                            "ephemeral_block_device.#": "0",
                            "iam_instance_profile": "",
                            "id": "i-d2d72066",
                            "instance_state": "running",
                            "instance_type": "t2.micro",
                            "key_name": "",
                            "monitoring": "false",
                            "network_interface_id": "eni-79be2f76",
                            "private_dns": "ip-10-0-1-98.us-west-1.compute.internal",
                            "private_ip": "10.0.1.98",
                            "public_dns": "ec2-54-183-140-49.us-west-1.compute.amazonaws.com",
                            "public_ip": "54.183.140.49",
                            "root_block_device.#": "1",
                            "root_block_device.0.delete_on_termination": "true",
                            "root_block_device.0.iops": "100",
                            "root_block_device.0.volume_size": "8",
                            "root_block_device.0.volume_type": "gp2",
                            "security_groups.#": "0",
                            "source_dest_check": "true",
                            "subnet_id": "subnet-d0608188",
                            "tags.%": "1",
                            "tags.env": "xlb-demo",
                            "tenancy": "default",
                            "vpc_security_group_ids.#": "1",
                            "vpc_security_group_ids.188496707": "sg-ee2c0f8a"
                        },
                        "meta": {
                            "schema_version": "1"
                        },
                        "tainted": false
                    },
                    "deposed": [],
                    "provider": ""
                },
                "aws_instance.nginx.2": {
                    "type": "aws_instance",
                    "depends_on": [
                        "data.aws_ami.ubuntu"
                    ],
                    "primary": {
                        "id": "i-f2d62146",
                        "attributes": {
                            "ami": "ami-0eb7f86e",
                            "availability_zone": "us-west-1c",
                            "disable_api_termination": "false",
                            "ebs_block_device.#": "0",
                            "ebs_optimized": "false",
                            "ephemeral_block_device.#": "0",
                            "iam_instance_profile": "",
                            "id": "i-f2d62146",
                            "instance_state": "running",
                            "instance_type": "t2.micro",
                            "key_name": "",
                            "monitoring": "false",
                            "network_interface_id": "eni-93be2f9c",
                            "private_dns": "ip-10-0-1-247.us-west-1.compute.internal",
                            "private_ip": "10.0.1.247",
                            "public_dns": "ec2-54-183-61-121.us-west-1.compute.amazonaws.com",
                            "public_ip": "54.183.61.121",
                            "root_block_device.#": "1",
                            "root_block_device.0.delete_on_termination": "true",
                            "root_block_device.0.iops": "100",
                            "root_block_device.0.volume_size": "8",
                            "root_block_device.0.volume_type": "gp2",
                            "security_groups.#": "0",
                            "source_dest_check": "true",
                            "subnet_id": "subnet-d0608188",
                            "tags.%": "1",
                            "tags.env": "xlb-demo",
                            "tenancy": "default",
                            "vpc_security_group_ids.#": "1",
                            "vpc_security_group_ids.188496707": "sg-ee2c0f8a"
                        },
                        "meta": {
                            "schema_version": "1"
                        },
                        "tainted": false
                    },
                    "deposed": [],
                    "provider": ""
                },
                "aws_instance.nginx.3": {
                    "type": "aws_instance",
                    "depends_on": [
                        "data.aws_ami.ubuntu"
                    ],
                    "primary": {
                        "id": "i-f3d62147",
                        "attributes": {
                            "ami": "ami-0eb7f86e",
                            "availability_zone": "us-west-1c",
                            "disable_api_termination": "false",
                            "ebs_block_device.#": "0",
                            "ebs_optimized": "false",
                            "ephemeral_block_device.#": "0",
                            "iam_instance_profile": "",
                            "id": "i-f3d62147",
                            "instance_state": "running",
                            "instance_type": "t2.micro",
                            "key_name": "",
                            "monitoring": "false",
                            "network_interface_id": "eni-f7a332f8",
                            "private_dns": "ip-10-0-1-96.us-west-1.compute.internal",
                            "private_ip": "10.0.1.96",
                            "public_dns": "ec2-52-53-149-228.us-west-1.compute.amazonaws.com",
                            "public_ip": "52.53.149.228",
                            "root_block_device.#": "1",
                            "root_block_device.0.delete_on_termination": "true",
                            "root_block_device.0.iops": "100",
                            "root_block_device.0.volume_size": "8",
                            "root_block_device.0.volume_type": "gp2",
                            "security_groups.#": "0",
                            "source_dest_check": "true",
                            "subnet_id": "subnet-d0608188",
                            "tags.%": "1",
                            "tags.env": "xlb-demo",
                            "tenancy": "default",
                            "vpc_security_group_ids.#": "1",
                            "vpc_security_group_ids.188496707": "sg-ee2c0f8a"
                        },
                        "meta": {
                            "schema_version": "1"
                        },
                        "tainted": false
                    },
                    "deposed": [],
                    "provider": ""
                },
                "data.aws_ami.ubuntu": {
                    "type": "aws_ami",
                    "depends_on": [],
                    "primary": {
                        "id": "ami-0eb7f86e",
                        "attributes": {
                            "architecture": "x86_64",
                            "block_device_mappings.#": "3",
                            "block_device_mappings.1634610537.device_name": "/dev/sdb",
                            "block_device_mappings.1634610537.ebs.%": "0",
                            "block_device_mappings.1634610537.no_device": "",
                            "block_device_mappings.1634610537.virtual_name": "ephemeral0",
                            "block_device_mappings.2547816212.device_name": "/dev/sda1",
                            "block_device_mappings.2547816212.ebs.%": "6",
                            "block_device_mappings.2547816212.ebs.delete_on_termination": "true",
                            "block_device_mappings.2547816212.ebs.encrypted": "false",
                            "block_device_mappings.2547816212.ebs.iops": "0",
                            "block_device_mappings.2547816212.ebs.snapshot_id": "snap-564824d5",
                            "block_device_mappings.2547816212.ebs.volume_size": "8",
                            "block_device_mappings.2547816212.ebs.volume_type": "gp2",
                            "block_device_mappings.2547816212.no_device": "",
                            "block_device_mappings.2547816212.virtual_name": "",
                            "block_device_mappings.3850042718.device_name": "/dev/sdc",
                            "block_device_mappings.3850042718.ebs.%": "0",
                            "block_device_mappings.3850042718.no_device": "",
                            "block_device_mappings.3850042718.virtual_name": "ephemeral1",
                            "creation_date": "2016-09-19T04:24:02.000Z",
                            "filter.#": "1",
                            "filter.1893842751.name": "name",
                            "filter.1893842751.values.#": "1",
                            "filter.1893842751.values.0": "ubuntu-16-nginx*",
                            "hypervisor": "xen",
                            "id": "ami-0eb7f86e",
                            "image_id": "ami-0eb7f86e",
                            "image_location": "379754991775/ubuntu-16-nginx-2016-09-19-04-21",
                            "image_type": "machine",
                            "most_recent": "true",
                            "name": "ubuntu-16-nginx-2016-09-19-04-21",
                            "owner_id": "379754991775",
                            "owners.#": "1",
                            "owners.0": "self",
                            "product_codes.#": "0",
                            "public": "false",
                            "root_device_name": "/dev/sda1",
                            "root_device_type": "ebs",
                            "sriov_net_support": "simple",
                            "state": "available",
                            "state_reason.%": "2",
                            "state_reason.code": "UNSET",
                            "state_reason.message": "UNSET",
                            "tags.#": "2",
                            "tags.1027325936.key": "Release",
                            "tags.1027325936.value": "Latest",
                            "tags.1046746156.key": "OS_Version",
                            "tags.1046746156.value": "Ubuntu",
                            "virtualization_type": "hvm"
                        },
                        "meta": {},
                        "tainted": false
                    },
                    "deposed": [],
                    "provider": ""
                }
            },
            "depends_on": []
        }
    ]
}
